
Microsoft Visual Studio Solution File, Format Version 12.00
# Visual Studio 15
VisualStudioVersion = 15.0.27703.2000
MinimumVisualStudioVersion = 10.0.40219.1
Project("{FAE04EC0-301F-11D3-BF4B-00C04F79EFBC}") = "DeeBeeTeeAlphaBot", "DeeBeeTeeAlphaBot.csproj", "{C6992228-4467-4AC3-BD08-FB2741B3D2CE}"
EndProject
Global
	GlobalSection(SolutionConfigurationPlatforms) = preSolution
		Debug|Any CPU = Debug|Any CPU
		Release|Any CPU = Release|Any CPU
	EndGlobalSection
	GlobalSection(ProjectConfigurationPlatforms) = postSolution
		{C6992228-4467-4AC3-BD08-FB2741B3D2CE}.Debug|Any CPU.ActiveCfg = Debug|Any CPU
		{C6992228-4467-4AC3-BD08-FB2741B3D2CE}.Debug|Any CPU.Build.0 = Debug|Any CPU
		{C6992228-4467-4AC3-BD08-FB2741B3D2CE}.Release|Any CPU.ActiveCfg = Release|Any CPU
		{C6992228-4467-4AC3-BD08-FB2741B3D2CE}.Release|Any CPU.Build.0 = Release|Any CPU
	EndGlobalSection
	GlobalSection(SolutionProperties) = preSolution
		HideSolutionNode = FALSE
	EndGlobalSection
	GlobalSection(ExtensibilityGlobals) = postSolution
		SolutionGuid = {02792155-3F40-4804-B89B-3AB73A650393}
	EndGlobalSection
EndGlobal
